
Microsoft Visual Studio Solution File, Format Version 12.00
# Visual Studio Version 16
VisualStudioVersion = 16.0.29609.76
MinimumVisualStudioVersion = 10.0.40219.1
Project("{FAE04EC0-301F-11D3-BF4B-00C04F79EFBC}") = "NewEscapeGame", "NewEscapeGame\NewEscapeGame.csproj", "{CDCA1505-912E-42B3-B366-761483F3AF37}"
EndProject
Global
	GlobalSection(SolutionConfigurationPlatforms) = preSolution
		Debug|Any CPU = Debug|Any CPU
		Release|Any CPU = Release|Any CPU
	EndGlobalSection
	GlobalSection(ProjectConfigurationPlatforms) = postSolution
		{CDCA1505-912E-42B3-B366-761483F3AF37}.Debug|Any CPU.ActiveCfg = Debug|Any CPU
		{CDCA1505-912E-42B3-B366-761483F3AF37}.Debug|Any CPU.Build.0 = Debug|Any CPU
		{CDCA1505-912E-42B3-B366-761483F3AF37}.Release|Any CPU.ActiveCfg = Release|Any CPU
		{CDCA1505-912E-42B3-B366-761483F3AF37}.Release|Any CPU.Build.0 = Release|Any CPU
	EndGlobalSection
	GlobalSection(SolutionProperties) = preSolution
		HideSolutionNode = FALSE
	EndGlobalSection
	GlobalSection(ExtensibilityGlobals) = postSolution
		SolutionGuid = {6B1665D1-72C9-430E-9F4E-0E8EC31F9535}
	EndGlobalSection
EndGlobal
